
Microsoft Visual Studio Solution File, Format Version 12.00
# Visual Studio Version 17
VisualStudioVersion = 17.6.33712.159
MinimumVisualStudioVersion = 10.0.40219.1
Project("{9A19103F-16F7-4668-BE54-9A1E7A4F7556}") = "MoviesWebApp", "MoviesWebApp\MoviesWebApp.csproj", "{C81C84F8-3267-4A5A-9ECE-8F4C27863EA6}"
EndProject
Project("{2150E333-8FDC-42A3-9474-1A3956D46DE8}") = "src", "src", "{B30D8052-CDCE-467B-A560-2A076AE3D7B6}"
EndProject
Project("{FAE04EC0-301F-11D3-BF4B-00C04F79EFBC}") = "MoviesWebApp.Core", "src\MoviesWebApp.Core\MoviesWebApp.Core.csproj", "{6DA76EA3-18E9-4B83-972F-EC0D17FD1BA1}"
EndProject
Project("{FAE04EC0-301F-11D3-BF4B-00C04F79EFBC}") = "MoviesWebApp.Data", "src\MoviesWebApp.Data\MoviesWebApp.Data.csproj", "{CC7437F2-10C7-4742-8134-B7215FECE23F}"
EndProject
Project("{FAE04EC0-301F-11D3-BF4B-00C04F79EFBC}") = "MoviesWebApp.Business", "src\MoviesWebApp.Business\MoviesWebApp.Business.csproj", "{8D6B5504-B8FF-405F-9A83-16CD2CBE649D}"
EndProject
Global
	GlobalSection(SolutionConfigurationPlatforms) = preSolution
		Debug|Any CPU = Debug|Any CPU
		Release|Any CPU = Release|Any CPU
	EndGlobalSection
	GlobalSection(ProjectConfigurationPlatforms) = postSolution
		{C81C84F8-3267-4A5A-9ECE-8F4C27863EA6}.Debug|Any CPU.ActiveCfg = Debug|Any CPU
		{C81C84F8-3267-4A5A-9ECE-8F4C27863EA6}.Debug|Any CPU.Build.0 = Debug|Any CPU
		{C81C84F8-3267-4A5A-9ECE-8F4C27863EA6}.Release|Any CPU.ActiveCfg = Release|Any CPU
		{C81C84F8-3267-4A5A-9ECE-8F4C27863EA6}.Release|Any CPU.Build.0 = Release|Any CPU
		{6DA76EA3-18E9-4B83-972F-EC0D17FD1BA1}.Debug|Any CPU.ActiveCfg = Debug|Any CPU
		{6DA76EA3-18E9-4B83-972F-EC0D17FD1BA1}.Debug|Any CPU.Build.0 = Debug|Any CPU
		{6DA76EA3-18E9-4B83-972F-EC0D17FD1BA1}.Release|Any CPU.ActiveCfg = Release|Any CPU
		{6DA76EA3-18E9-4B83-972F-EC0D17FD1BA1}.Release|Any CPU.Build.0 = Release|Any CPU
		{CC7437F2-10C7-4742-8134-B7215FECE23F}.Debug|Any CPU.ActiveCfg = Debug|Any CPU
		{CC7437F2-10C7-4742-8134-B7215FECE23F}.Debug|Any CPU.Build.0 = Debug|Any CPU
		{CC7437F2-10C7-4742-8134-B7215FECE23F}.Release|Any CPU.ActiveCfg = Release|Any CPU
		{CC7437F2-10C7-4742-8134-B7215FECE23F}.Release|Any CPU.Build.0 = Release|Any CPU
		{8D6B5504-B8FF-405F-9A83-16CD2CBE649D}.Debug|Any CPU.ActiveCfg = Debug|Any CPU
		{8D6B5504-B8FF-405F-9A83-16CD2CBE649D}.Debug|Any CPU.Build.0 = Debug|Any CPU
		{8D6B5504-B8FF-405F-9A83-16CD2CBE649D}.Release|Any CPU.ActiveCfg = Release|Any CPU
		{8D6B5504-B8FF-405F-9A83-16CD2CBE649D}.Release|Any CPU.Build.0 = Release|Any CPU
	EndGlobalSection
	GlobalSection(SolutionProperties) = preSolution
		HideSolutionNode = FALSE
	EndGlobalSection
	GlobalSection(NestedProjects) = preSolution
		{C81C84F8-3267-4A5A-9ECE-8F4C27863EA6} = {B30D8052-CDCE-467B-A560-2A076AE3D7B6}
		{6DA76EA3-18E9-4B83-972F-EC0D17FD1BA1} = {B30D8052-CDCE-467B-A560-2A076AE3D7B6}
		{CC7437F2-10C7-4742-8134-B7215FECE23F} = {B30D8052-CDCE-467B-A560-2A076AE3D7B6}
		{8D6B5504-B8FF-405F-9A83-16CD2CBE649D} = {B30D8052-CDCE-467B-A560-2A076AE3D7B6}
	EndGlobalSection
	GlobalSection(ExtensibilityGlobals) = postSolution
		SolutionGuid = {7A075F27-0441-4949-9DD5-49DD27F6515B}
	EndGlobalSection
EndGlobal
